
Microsoft Visual Studio Solution File, Format Version 12.00
# Visual Studio Version 17
VisualStudioVersion = 17.0.31912.275
MinimumVisualStudioVersion = 10.0.40219.1
Project("{FAE04EC0-301F-11D3-BF4B-00C04F79EFBC}") = "WebApp", "WebApp\WebApp.csproj", "{7AF39119-A82A-482C-B11D-C903702F5D65}"
EndProject
Global
	GlobalSection(SolutionConfigurationPlatforms) = preSolution
		Debug|Any CPU = Debug|Any CPU
		Release|Any CPU = Release|Any CPU
	EndGlobalSection
	GlobalSection(ProjectConfigurationPlatforms) = postSolution
		{7AF39119-A82A-482C-B11D-C903702F5D65}.Debug|Any CPU.ActiveCfg = Debug|Any CPU
		{7AF39119-A82A-482C-B11D-C903702F5D65}.Debug|Any CPU.Build.0 = Debug|Any CPU
		{7AF39119-A82A-482C-B11D-C903702F5D65}.Release|Any CPU.ActiveCfg = Release|Any CPU
		{7AF39119-A82A-482C-B11D-C903702F5D65}.Release|Any CPU.Build.0 = Release|Any CPU
	EndGlobalSection
	GlobalSection(SolutionProperties) = preSolution
		HideSolutionNode = FALSE
	EndGlobalSection
	GlobalSection(ExtensibilityGlobals) = postSolution
		SolutionGuid = {45C0CE02-447C-4DED-9558-0256F5115294}
	EndGlobalSection
EndGlobal
